
Microsoft Visual Studio Solution File, Format Version 12.00
# Visual Studio 15
VisualStudioVersion = 15.0.28010.2041
MinimumVisualStudioVersion = 10.0.40219.1
Project("{8BC9CEB8-8B4A-11D0-8D11-00A0C91BC942}") = "Image_Creation_Test", "Image_Creation_Test\Image_Creation_Test.vcxproj", "{30CD3F8F-1348-48D4-948D-771DAC43F1E9}"
EndProject
Project("{8BC9CEB8-8B4A-11D0-8D11-00A0C91BC942}") = "Bitmap_Editor", "Bitmap_Editor\Bitmap_Editor.vcxproj", "{1234E1E0-8059-4C22-BB00-F161D80356D5}"
EndProject
Global
	GlobalSection(SolutionConfigurationPlatforms) = preSolution
		Debug|x64 = Debug|x64
		Debug|x86 = Debug|x86
		Release|x64 = Release|x64
		Release|x86 = Release|x86
	EndGlobalSection
	GlobalSection(ProjectConfigurationPlatforms) = postSolution
		{30CD3F8F-1348-48D4-948D-771DAC43F1E9}.Debug|x64.ActiveCfg = Debug|x64
		{30CD3F8F-1348-48D4-948D-771DAC43F1E9}.Debug|x64.Build.0 = Debug|x64
		{30CD3F8F-1348-48D4-948D-771DAC43F1E9}.Debug|x86.ActiveCfg = Debug|Win32
		{30CD3F8F-1348-48D4-948D-771DAC43F1E9}.Debug|x86.Build.0 = Debug|Win32
		{30CD3F8F-1348-48D4-948D-771DAC43F1E9}.Release|x64.ActiveCfg = Release|x64
		{30CD3F8F-1348-48D4-948D-771DAC43F1E9}.Release|x64.Build.0 = Release|x64
		{30CD3F8F-1348-48D4-948D-771DAC43F1E9}.Release|x86.ActiveCfg = Release|Win32
		{30CD3F8F-1348-48D4-948D-771DAC43F1E9}.Release|x86.Build.0 = Release|Win32
		{1234E1E0-8059-4C22-BB00-F161D80356D5}.Debug|x64.ActiveCfg = Debug|x64
		{1234E1E0-8059-4C22-BB00-F161D80356D5}.Debug|x64.Build.0 = Debug|x64
		{1234E1E0-8059-4C22-BB00-F161D80356D5}.Debug|x86.ActiveCfg = Debug|Win32
		{1234E1E0-8059-4C22-BB00-F161D80356D5}.Debug|x86.Build.0 = Debug|Win32
		{1234E1E0-8059-4C22-BB00-F161D80356D5}.Release|x64.ActiveCfg = Release|x64
		{1234E1E0-8059-4C22-BB00-F161D80356D5}.Release|x64.Build.0 = Release|x64
		{1234E1E0-8059-4C22-BB00-F161D80356D5}.Release|x86.ActiveCfg = Release|Win32
		{1234E1E0-8059-4C22-BB00-F161D80356D5}.Release|x86.Build.0 = Release|Win32
	EndGlobalSection
	GlobalSection(SolutionProperties) = preSolution
		HideSolutionNode = FALSE
	EndGlobalSection
	GlobalSection(ExtensibilityGlobals) = postSolution
		SolutionGuid = {46F30380-4F91-4D17-85D7-28C28997C4B5}
	EndGlobalSection
EndGlobal
